
Microsoft Visual Studio Solution File, Format Version 12.00
# Visual Studio Version 16
VisualStudioVersion = 16.0.808.3
MinimumVisualStudioVersion = 10.0.40219.1
Project("{FAE04EC0-301F-11D3-BF4B-00C04F79EFBC}") = "Diner99", "Diner99\Diner99.csproj", "{22D3C35D-46A5-48D0-B888-26AC37130AC9}"
EndProject
Global
	GlobalSection(SolutionConfigurationPlatforms) = preSolution
		Debug|Any CPU = Debug|Any CPU
		Release|Any CPU = Release|Any CPU
	EndGlobalSection
	GlobalSection(ProjectConfigurationPlatforms) = postSolution
		{22D3C35D-46A5-48D0-B888-26AC37130AC9}.Debug|Any CPU.ActiveCfg = Debug|Any CPU
		{22D3C35D-46A5-48D0-B888-26AC37130AC9}.Debug|Any CPU.Build.0 = Debug|Any CPU
		{22D3C35D-46A5-48D0-B888-26AC37130AC9}.Release|Any CPU.ActiveCfg = Release|Any CPU
		{22D3C35D-46A5-48D0-B888-26AC37130AC9}.Release|Any CPU.Build.0 = Release|Any CPU
	EndGlobalSection
	GlobalSection(SolutionProperties) = preSolution
		HideSolutionNode = FALSE
	EndGlobalSection
	GlobalSection(ExtensibilityGlobals) = postSolution
		SolutionGuid = {D989372A-C79A-4338-99C3-4A4119A79804}
	EndGlobalSection
EndGlobal
